{
  "originHash" : "b6cab38d2a9553e13eba86dbdf37a26de7bfd0bdf90e25a018c7fa0b35d59407",
  "pins" : [
    {
      "identity" : "lookinsideserver",
      "kind" : "remoteSourceControl",
      "location" : "https://github.com/LookInsideApp/LookInsideServer.git",
      "state" : {
        "revision" : "0bdfdada167101b884ba35581f56cd25bc2a6f94",
        "version" : "1.0.0"
      }
    },
    {
      "identity" : "swift-argument-parser",
      "kind" : "remoteSourceControl",
      "location" : "https://github.com/apple/swift-argument-parser.git",
      "state" : {
        "revision" : "626b5b7b2f45e1b0b1c6f4a309296d1d21d7311b",
        "version" : "1.7.1"
      }
    }
  ],
  "version" : 3
}
